// !$*UTF8*$!
{
	archiveVersion = 1;
	classes = {
	};
	objectVersion = 46;
	objects = {

/* Begin PBXBuildFile section */
		466F66F61BF7BD6300C5C4AA /* AppDelegate.swift in Sources */ = {isa = PBXBuildFile; fileRef = 466F66F51BF7BD6300C5C4AA /* AppDelegate.swift */; };
		466F66F81BF7BD6300C5C4AA /* Host.swift in Sources */ = {isa = PBXBuildFile; fileRef = 466F66F71BF7BD6300C5C4AA /* Host.swift */; };
		466F66FD1BF7BD6300C5C4AA /* Main.storyboard in Resources */ = {isa = PBXBuildFile; fileRef = 466F66FB1BF7BD6300C5C4AA /* Main.storyboard */; };
		466F66FF1BF7BD6300C5C4AA /* Assets.xcassets in Resources */ = {isa = PBXBuildFile; fileRef = 466F66FE1BF7BD6300C5C4AA /* Assets.xcassets */; };
		466F67021BF7BD6300C5C4AA /* LaunchScreen.storyboard in Resources */ = {isa = PBXBuildFile; fileRef = 466F67001BF7BD6300C5C4AA /* LaunchScreen.storyboard */; };
		466F670D1BF7BD6300C5C4AA /* strichliste_iosTests.swift in Sources */ = {isa = PBXBuildFile; fileRef = 466F670C1BF7BD6300C5C4AA /* strichliste_iosTests.swift */; };
		466F67181BF7BD6300C5C4AA /* strichliste_iosUITests.swift in Sources */ = {isa = PBXBuildFile; fileRef = 466F67171BF7BD6300C5C4AA /* strichliste_iosUITests.swift */; };
/* End PBXBuildFile section */

/* Begin PBXContainerItemProxy section */
		466F67091BF7BD6300C5C4AA /* PBXContainerItemProxy */ = {
			isa = PBXContainerItemProxy;
			containerPortal = 466F66EA1BF7BD6300C5C4AA /* Project object */;
			proxyType = 1;
			remoteGlobalIDString = 466F66F11BF7BD6300C5C4AA;
			remoteInfo = "strichliste-ios";
		};
		466F67141BF7BD6300C5C4AA /* PBXContainerItemProxy */ = {
			isa = PBXContainerItemProxy;
			containerPortal = 466F66EA1BF7BD6300C5C4AA /* Project object */;
			proxyType = 1;
			remoteGlobalIDString = 466F66F11BF7BD6300C5C4AA;
			remoteInfo = "strichliste-ios";
		};
/* End PBXContainerItemProxy section */

/* Begin PBXFileReference section */
		06C8C6D0F80ED74E9247E9B9 /* Pods_strichliste_ios.framework */ = {isa = PBXFileReference; explicitFileType = wrapper.framework; includeInIndex = 0; path = Pods_strichliste_ios.framework; sourceTree = BUILT_PRODUCTS_DIR; };
		466F66F21BF7BD6300C5C4AA /* strichliste-ios.app */ = {isa = PBXFileReference; explicitFileType = wrapper.application; includeInIndex = 0; path = "strichliste-ios.app"; sourceTree = BUILT_PRODUCTS_DIR; };
		466F66F51BF7BD6300C5C4AA /* AppDelegate.swift */ = {isa = PBXFileReference; lastKnownFileType = sourcecode.swift; path = AppDelegate.swift; sourceTree = "<group>"; };
		466F66F71BF7BD6300C5C4AA /* Host.swift */ = {isa = PBXFileReference; lastKnownFileType = sourcecode.swift; path = Host.swift; sourceTree = "<group>"; };
		466F66FC1BF7BD6300C5C4AA /* Base */ = {isa = PBXFileReference; lastKnownFileType = file.storyboard; name = Base; path = Base.lproj/Main.storyboard; sourceTree = "<group>"; };
		466F66FE1BF7BD6300C5C4AA /* Assets.xcassets */ = {isa = PBXFileReference; lastKnownFileType = folder.assetcatalog; path = Assets.xcassets; sourceTree = "<group>"; };
		466F67011BF7BD6300C5C4AA /* Base */ = {isa = PBXFileReference; lastKnownFileType = file.storyboard; name = Base; path = Base.lproj/LaunchScreen.storyboard; sourceTree = "<group>"; };
		466F67031BF7BD6300C5C4AA /* Info.plist */ = {isa = PBXFileReference; lastKnownFileType = text.plist.xml; path = Info.plist; sourceTree = "<group>"; };
		466F67081BF7BD6300C5C4AA /* strichliste-iosTests.xctest */ = {isa = PBXFileReference; explicitFileType = wrapper.cfbundle; includeInIndex = 0; path = "strichliste-iosTests.xctest"; sourceTree = BUILT_PRODUCTS_DIR; };
		466F670C1BF7BD6300C5C4AA /* strichliste_iosTests.swift */ = {isa = PBXFileReference; lastKnownFileType = sourcecode.swift; path = strichliste_iosTests.swift; sourceTree = "<group>"; };
		466F670E1BF7BD6300C5C4AA /* Info.plist */ = {isa = PBXFileReference; lastKnownFileType = text.plist.xml; path = Info.plist; sourceTree = "<group>"; };
		466F67131BF7BD6300C5C4AA /* strichliste-iosUITests.xctest */ = {isa = PBXFileReference; explicitFileType = wrapper.cfbundle; includeInIndex = 0; path = "strichliste-iosUITests.xctest"; sourceTree = BUILT_PRODUCTS_DIR; };
		466F67171BF7BD6300C5C4AA /* strichliste_iosUITests.swift */ = {isa = PBXFileReference; lastKnownFileType = sourcecode.swift; path = strichliste_iosUITests.swift; sourceTree = "<group>"; };
		466F67191BF7BD6300C5C4AA /* Info.plist */ = {isa = PBXFileReference; lastKnownFileType = text.plist.xml; path = Info.plist; sourceTree = "<group>"; };
/* End PBXFileReference section */

/* Begin PBXFrameworksBuildPhase section */
		466F66EF1BF7BD6300C5C4AA /* Frameworks */ = {
			isa = PBXFrameworksBuildPhase;
			buildActionMask = 2147483647;
			files = (
			);
			runOnlyForDeploymentPostprocessing = 0;
		};
		466F67051BF7BD6300C5C4AA /* Frameworks */ = {
			isa = PBXFrameworksBuildPhase;
			buildActionMask = 2147483647;
			files = (
			);
			runOnlyForDeploymentPostprocessing = 0;
		};
		466F67101BF7BD6300C5C4AA /* Frameworks */ = {
			isa = PBXFrameworksBuildPhase;
			buildActionMask = 2147483647;
			files = (
			);
			runOnlyForDeploymentPostprocessing = 0;
		};
/* End PBXFrameworksBuildPhase section */

/* Begin PBXGroup section */
		466F66E91BF7BD6300C5C4AA = {
			isa = PBXGroup;
			children = (
				466F66F41BF7BD6300C5C4AA /* strichliste-ios */,
				466F670B1BF7BD6300C5C4AA /* strichliste-iosTests */,
				466F67161BF7BD6300C5C4AA /* strichliste-iosUITests */,
				466F66F31BF7BD6300C5C4AA /* Products */,
				EA3ECE875868C92A6B451D99 /* Frameworks */,
			);
			sourceTree = "<group>";
		};
		466F66F31BF7BD6300C5C4AA /* Products */ = {
			isa = PBXGroup;
			children = (
				466F66F21BF7BD6300C5C4AA /* strichliste-ios.app */,
				466F67081BF7BD6300C5C4AA /* strichliste-iosTests.xctest */,
				466F67131BF7BD6300C5C4AA /* strichliste-iosUITests.xctest */,
			);
			name = Products;
			sourceTree = "<group>";
		};
		466F66F41BF7BD6300C5C4AA /* strichliste-ios */ = {
			isa = PBXGroup;
			children = (
				46A916511C0A674100377DDA /* Controller */,
				466F66F51BF7BD6300C5C4AA /* AppDelegate.swift */,
				466F66FB1BF7BD6300C5C4AA /* Main.storyboard */,
				466F66FE1BF7BD6300C5C4AA /* Assets.xcassets */,
				466F67001BF7BD6300C5C4AA /* LaunchScreen.storyboard */,
				466F67031BF7BD6300C5C4AA /* Info.plist */,
			);
			path = "strichliste-ios";
			sourceTree = "<group>";
		};
		466F670B1BF7BD6300C5C4AA /* strichliste-iosTests */ = {
			isa = PBXGroup;
			children = (
				466F670C1BF7BD6300C5C4AA /* strichliste_iosTests.swift */,
				466F670E1BF7BD6300C5C4AA /* Info.plist */,
			);
			path = "strichliste-iosTests";
			sourceTree = "<group>";
		};
		466F67161BF7BD6300C5C4AA /* strichliste-iosUITests */ = {
			isa = PBXGroup;
			children = (
				466F67171BF7BD6300C5C4AA /* strichliste_iosUITests.swift */,
				466F67191BF7BD6300C5C4AA /* Info.plist */,
			);
			path = "strichliste-iosUITests";
			sourceTree = "<group>";
		};
		46A916511C0A674100377DDA /* Controller */ = {
			isa = PBXGroup;
			children = (
				466F66F71BF7BD6300C5C4AA /* Host.swift */,
			);
			name = Controller;
			sourceTree = "<group>";
		};
		EA3ECE875868C92A6B451D99 /* Frameworks */ = {
			isa = PBXGroup;
			children = (
				06C8C6D0F80ED74E9247E9B9 /* Pods_strichliste_ios.framework */,
			);
			name = Frameworks;
			sourceTree = "<group>";
		};
/* End PBXGroup section */

/* Begin PBXNativeTarget section */
		466F66F11BF7BD6300C5C4AA /* strichliste-ios */ = {
			isa = PBXNativeTarget;
			buildConfigurationList = 466F671C1BF7BD6300C5C4AA /* Build configuration list for PBXNativeTarget "strichliste-ios" */;
			buildPhases = (
				466F66EE1BF7BD6300C5C4AA /* Sources */,
				466F66EF1BF7BD6300C5C4AA /* Frameworks */,
				466F66F01BF7BD6300C5C4AA /* Resources */,
			);
			buildRules = (
			);
			dependencies = (
			);
			name = "strichliste-ios";
			productName = "strichliste-ios";
			productReference = 466F66F21BF7BD6300C5C4AA /* strichliste-ios.app */;
			productType = "com.apple.product-type.application";
		};
		466F67071BF7BD6300C5C4AA /* strichliste-iosTests */ = {
			isa = PBXNativeTarget;
			buildConfigurationList = 466F671F1BF7BD6300C5C4AA /* Build configuration list for PBXNativeTarget "strichliste-iosTests" */;
			buildPhases = (
				466F67041BF7BD6300C5C4AA /* Sources */,
				466F67051BF7BD6300C5C4AA /* Frameworks */,
				466F67061BF7BD6300C5C4AA /* Resources */,
			);
			buildRules = (
			);
			dependencies = (
				466F670A1BF7BD6300C5C4AA /* PBXTargetDependency */,
			);
			name = "strichliste-iosTests";
			productName = "strichliste-iosTests";
			productReference = 466F67081BF7BD6300C5C4AA /* strichliste-iosTests.xctest */;
			productType = "com.apple.product-type.bundle.unit-test";
		};
		466F67121BF7BD6300C5C4AA /* strichliste-iosUITests */ = {
			isa = PBXNativeTarget;
			buildConfigurationList = 466F67221BF7BD6300C5C4AA /* Build configuration list for PBXNativeTarget "strichliste-iosUITests" */;
			buildPhases = (
				466F670F1BF7BD6300C5C4AA /* Sources */,
				466F67101BF7BD6300C5C4AA /* Frameworks */,
				466F67111BF7BD6300C5C4AA /* Resources */,
			);
			buildRules = (
			);
			dependencies = (
				466F67151BF7BD6300C5C4AA /* PBXTargetDependency */,
			);
			name = "strichliste-iosUITests";
			productName = "strichliste-iosUITests";
			productReference = 466F67131BF7BD6300C5C4AA /* strichliste-iosUITests.xctest */;
			productType = "com.apple.product-type.bundle.ui-testing";
		};
/* End PBXNativeTarget section */

/* Begin PBXProject section */
		466F66EA1BF7BD6300C5C4AA /* Project object */ = {
			isa = PBXProject;
			attributes = {
				LastSwiftUpdateCheck = 0720;
				LastUpgradeCheck = 0720;
				ORGANIZATIONNAME = "fnordcordia GbR";
				TargetAttributes = {
					466F66F11BF7BD6300C5C4AA = {
						CreatedOnToolsVersion = 7.2;
						DevelopmentTeam = E622J4TJFL;
					};
					466F67071BF7BD6300C5C4AA = {
						CreatedOnToolsVersion = 7.2;
						TestTargetID = 466F66F11BF7BD6300C5C4AA;
					};
					466F67121BF7BD6300C5C4AA = {
						CreatedOnToolsVersion = 7.2;
						TestTargetID = 466F66F11BF7BD6300C5C4AA;
					};
				};
			};
			buildConfigurationList = 466F66ED1BF7BD6300C5C4AA /* Build configuration list for PBXProject "strichliste-ios" */;
			compatibilityVersion = "Xcode 3.2";
			developmentRegion = English;
			hasScannedForEncodings = 0;
			knownRegions = (
				en,
				Base,
			);
			mainGroup = 466F66E91BF7BD6300C5C4AA;
			productRefGroup = 466F66F31BF7BD6300C5C4AA /* Products */;
			projectDirPath = "";
			projectRoot = "";
			targets = (
				466F66F11BF7BD6300C5C4AA /* strichliste-ios */,
				466F67071BF7BD6300C5C4AA /* strichliste-iosTests */,
				466F67121BF7BD6300C5C4AA /* strichliste-iosUITests */,
			);
		};
/* End PBXProject section */

/* Begin PBXResourcesBuildPhase section */
		466F66F01BF7BD6300C5C4AA /* Resources */ = {
			isa = PBXResourcesBuildPhase;
			buildActionMask = 2147483647;
			files = (
				466F67021BF7BD6300C5C4AA /* LaunchScreen.storyboard in Resources */,
				466F66FF1BF7BD6300C5C4AA /* Assets.xcassets in Resources */,
				466F66FD1BF7BD6300C5C4AA /* Main.storyboard in Resources */,
			);
			runOnlyForDeploymentPostprocessing = 0;
		};
		466F67061BF7BD6300C5C4AA /* Resources */ = {
			isa = PBXResourcesBuildPhase;
			buildActionMask = 2147483647;
			files = (
			);
			runOnlyForDeploymentPostprocessing = 0;
		};
		466F67111BF7BD6300C5C4AA /* Resources */ = {
			isa = PBXResourcesBuildPhase;
			buildActionMask = 2147483647;
			files = (
			);
			runOnlyForDeploymentPostprocessing = 0;
		};
/* End PBXResourcesBuildPhase section */

/* Begin PBXSourcesBuildPhase section */
		466F66EE1BF7BD6300C5C4AA /* Sources */ = {
			isa = PBXSourcesBuildPhase;
			buildActionMask = 2147483647;
			files = (
				466F66F61BF7BD6300C5C4AA /* AppDelegate.swift in Sources */,
				466F66F81BF7BD6300C5C4AA /* Host.swift in Sources */,
			);
			runOnlyForDeploymentPostprocessing = 0;
		};
		466F67041BF7BD6300C5C4AA /* Sources */ = {
			isa = PBXSourcesBuildPhase;
			buildActionMask = 2147483647;
			files = (
				466F670D1BF7BD6300C5C4AA /* strichliste_iosTests.swift in Sources */,
			);
			runOnlyForDeploymentPostprocessing = 0;
		};
		466F670F1BF7BD6300C5C4AA /* Sources */ = {
			isa = PBXSourcesBuildPhase;
			buildActionMask = 2147483647;
			files = (
				466F67181BF7BD6300C5C4AA /* strichliste_iosUITests.swift in Sources */,
			);
			runOnlyForDeploymentPostprocessing = 0;
		};
/* End PBXSourcesBuildPhase section */

/* Begin PBXTargetDependency section */
		466F670A1BF7BD6300C5C4AA /* PBXTargetDependency */ = {
			isa = PBXTargetDependency;
			target = 466F66F11BF7BD6300C5C4AA /* strichliste-ios */;
			targetProxy = 466F67091BF7BD6300C5C4AA /* PBXContainerItemProxy */;
		};
		466F67151BF7BD6300C5C4AA /* PBXTargetDependency */ = {
			isa = PBXTargetDependency;
			target = 466F66F11BF7BD6300C5C4AA /* strichliste-ios */;
			targetProxy = 466F67141BF7BD6300C5C4AA /* PBXContainerItemProxy */;
		};
/* End PBXTargetDependency section */

/* Begin PBXVariantGroup section */
		466F66FB1BF7BD6300C5C4AA /* Main.storyboard */ = {
			isa = PBXVariantGroup;
			children = (
				466F66FC1BF7BD6300C5C4AA /* Base */,
			);
			name = Main.storyboard;
			sourceTree = "<group>";
		};
		466F67001BF7BD6300C5C4AA /* LaunchScreen.storyboard */ = {
			isa = PBXVariantGroup;
			children = (
				466F67011BF7BD6300C5C4AA /* Base */,
			);
			name = LaunchScreen.storyboard;
			sourceTree = "<group>";
		};
/* End PBXVariantGroup section */

/* Begin XCBuildConfiguration section */
		466F671A1BF7BD6300C5C4AA /* Debug */ = {
			isa = XCBuildConfiguration;
			buildSettings = {
				ALWAYS_SEARCH_USER_PATHS = NO;
				CLANG_CXX_LANGUAGE_STANDARD = "gnu++0x";
				CLANG_CXX_LIBRARY = "libc++";
				CLANG_ENABLE_MODULES = YES;
				CLANG_ENABLE_OBJC_ARC = YES;
				CLANG_WARN_BOOL_CONVERSION = YES;
				CLANG_WARN_CONSTANT_CONVERSION = YES;
				CLANG_WARN_DIRECT_OBJC_ISA_USAGE = YES_ERROR;
				CLANG_WARN_EMPTY_BODY = YES;
				CLANG_WARN_ENUM_CONVERSION = YES;
				CLANG_WARN_INT_CONVERSION = YES;
				CLANG_WARN_OBJC_ROOT_CLASS = YES_ERROR;
				CLANG_WARN_UNREACHABLE_CODE = YES;
				CLANG_WARN__DUPLICATE_METHOD_MATCH = YES;
				"CODE_SIGN_IDENTITY[sdk=iphoneos*]" = "iPhone Developer";
				COPY_PHASE_STRIP = NO;
				DEBUG_INFORMATION_FORMAT = dwarf;
				ENABLE_STRICT_OBJC_MSGSEND = YES;
				ENABLE_TESTABILITY = YES;
				GCC_C_LANGUAGE_STANDARD = gnu99;
				GCC_DYNAMIC_NO_PIC = NO;
				GCC_NO_COMMON_BLOCKS = YES;
				GCC_OPTIMIZATION_LEVEL = 0;
				GCC_PREPROCESSOR_DEFINITIONS = (
					"DEBUG=1",
					"$(inherited)",
				);
				GCC_WARN_64_TO_32_BIT_CONVERSION = YES;
				GCC_WARN_ABOUT_RETURN_TYPE = YES_ERROR;
				GCC_WARN_UNDECLARED_SELECTOR = YES;
				GCC_WARN_UNINITIALIZED_AUTOS = YES_AGGRESSIVE;
				GCC_WARN_UNUSED_FUNCTION = YES;
				GCC_WARN_UNUSED_VARIABLE = YES;
				IPHONEOS_DEPLOYMENT_TARGET = 9.2;
				MTL_ENABLE_DEBUG_INFO = YES;
				ONLY_ACTIVE_ARCH = YES;
				SDKROOT = iphoneos;
				SWIFT_OPTIMIZATION_LEVEL = "-Onone";
				TARGETED_DEVICE_FAMILY = "1,2";
			};
			name = Debug;
		};
		466F671B1BF7BD6300C5C4AA /* Release */ = {
			isa = XCBuildConfiguration;
			buildSettings = {
				ALWAYS_SEARCH_USER_PATHS = NO;
				CLANG_CXX_LANGUAGE_STANDARD = "gnu++0x";
				CLANG_CXX_LIBRARY = "libc++";
				CLANG_ENABLE_MODULES = YES;
				CLANG_ENABLE_OBJC_ARC = YES;
				CLANG_WARN_BOOL_CONVERSION = YES;
				CLANG_WARN_CONSTANT_CONVERSION = YES;
				CLANG_WARN_DIRECT_OBJC_ISA_USAGE = YES_ERROR;
				CLANG_WARN_EMPTY_BODY = YES;
				CLANG_WARN_ENUM_CONVERSION = YES;
				CLANG_WARN_INT_CONVERSION = YES;
				CLANG_WARN_OBJC_ROOT_CLASS = YES_ERROR;
				CLANG_WARN_UNREACHABLE_CODE = YES;
				CLANG_WARN__DUPLICATE_METHOD_MATCH = YES;
				"CODE_SIGN_IDENTITY[sdk=iphoneos*]" = "iPhone Developer";
				COPY_PHASE_STRIP = NO;
				DEBUG_INFORMATION_FORMAT = "dwarf-with-dsym";
				ENABLE_NS_ASSERTIONS = NO;
				ENABLE_STRICT_OBJC_MSGSEND = YES;
				GCC_C_LANGUAGE_STANDARD = gnu99;
				GCC_NO_COMMON_BLOCKS = YES;
				GCC_WARN_64_TO_32_BIT_CONVERSION = YES;
				GCC_WARN_ABOUT_RETURN_TYPE = YES_ERROR;
				GCC_WARN_UNDECLARED_SELECTOR = YES;
				GCC_WARN_UNINITIALIZED_AUTOS = YES_AGGRESSIVE;
				GCC_WARN_UNUSED_FUNCTION = YES;
				GCC_WARN_UNUSED_VARIABLE = YES;
				IPHONEOS_DEPLOYMENT_TARGET = 9.2;
				MTL_ENABLE_DEBUG_INFO = NO;
				SDKROOT = iphoneos;
				TARGETED_DEVICE_FAMILY = "1,2";
				VALIDATE_PRODUCT = YES;
			};
			name = Release;
		};
		466F671D1BF7BD6300C5C4AA /* Debug */ = {
			isa = XCBuildConfiguration;
			buildSettings = {
				ASSETCATALOG_COMPILER_APPICON_NAME = AppIcon;
				CODE_SIGN_IDENTITY = "iPhone Developer";
				"CODE_SIGN_IDENTITY[sdk=iphoneos*]" = "iPhone Developer";
				INFOPLIST_FILE = "strichliste-ios/Info.plist";
				LD_RUNPATH_SEARCH_PATHS = "$(inherited) @executable_path/Frameworks";
				PRODUCT_BUNDLE_IDENTIFIER = eu.fnordcordia.strichliste;
				PRODUCT_NAME = "$(TARGET_NAME)";
				PROVISIONING_PROFILE = "";
				SDKROOT = iphoneos9.2;
			};
			name = Debug;
		};
		466F671E1BF7BD6300C5C4AA /* Release */ = {
			isa = XCBuildConfiguration;
			buildSettings = {
				ASSETCATALOG_COMPILER_APPICON_NAME = AppIcon;
				CODE_SIGN_IDENTITY = "iPhone Developer";
				"CODE_SIGN_IDENTITY[sdk=iphoneos*]" = "iPhone Developer";
				INFOPLIST_FILE = "strichliste-ios/Info.plist";
				LD_RUNPATH_SEARCH_PATHS = "$(inherited) @executable_path/Frameworks";
				PRODUCT_BUNDLE_IDENTIFIER = eu.fnordcordia.strichliste;
				PRODUCT_NAME = "$(TARGET_NAME)";
				PROVISIONING_PROFILE = "";
				SDKROOT = iphoneos9.2;
			};
			name = Release;
		};
		466F67201BF7BD6300C5C4AA /* Debug */ = {
			isa = XCBuildConfiguration;
			buildSettings = {
				BUNDLE_LOADER = "$(TEST_HOST)";
				INFOPLIST_FILE = "strichliste-iosTests/Info.plist";
				LD_RUNPATH_SEARCH_PATHS = "$(inherited) @executable_path/Frameworks @loader_path/Frameworks";
				PRODUCT_BUNDLE_IDENTIFIER = "eu.fnordcordia.strichliste-iosTests";
				PRODUCT_NAME = "$(TARGET_NAME)";
				TEST_HOST = "$(BUILT_PRODUCTS_DIR)/strichliste-ios.app/strichliste-ios";
			};
			name = Debug;
		};
		466F67211BF7BD6300C5C4AA /* Release */ = {
			isa = XCBuildConfiguration;
			buildSettings = {
				BUNDLE_LOADER = "$(TEST_HOST)";
				INFOPLIST_FILE = "strichliste-iosTests/Info.plist";
				LD_RUNPATH_SEARCH_PATHS = "$(inherited) @executable_path/Frameworks @loader_path/Frameworks";
				PRODUCT_BUNDLE_IDENTIFIER = "eu.fnordcordia.strichliste-iosTests";
				PRODUCT_NAME = "$(TARGET_NAME)";
				TEST_HOST = "$(BUILT_PRODUCTS_DIR)/strichliste-ios.app/strichliste-ios";
			};
			name = Release;
		};
		466F67231BF7BD6300C5C4AA /* Debug */ = {
			isa = XCBuildConfiguration;
			buildSettings = {
				INFOPLIST_FILE = "strichliste-iosUITests/Info.plist";
				LD_RUNPATH_SEARCH_PATHS = "$(inherited) @executable_path/Frameworks @loader_path/Frameworks";
				PRODUCT_BUNDLE_IDENTIFIER = "eu.fnordcordia.strichliste-iosUITests";
				PRODUCT_NAME = "$(TARGET_NAME)";
				TEST_TARGET_NAME = "strichliste-ios";
				USES_XCTRUNNER = YES;
			};
			name = Debug;
		};
		466F67241BF7BD6300C5C4AA /* Release */ = {
			isa = XCBuildConfiguration;
			buildSettings = {
				INFOPLIST_FILE = "strichliste-iosUITests/Info.plist";
				LD_RUNPATH_SEARCH_PATHS = "$(inherited) @executable_path/Frameworks @loader_path/Frameworks";
				PRODUCT_BUNDLE_IDENTIFIER = "eu.fnordcordia.strichliste-iosUITests";
				PRODUCT_NAME = "$(TARGET_NAME)";
				TEST_TARGET_NAME = "strichliste-ios";
				USES_XCTRUNNER = YES;
			};
			name = Release;
		};
/* End XCBuildConfiguration section */

/* Begin XCConfigurationList section */
		466F66ED1BF7BD6300C5C4AA /* Build configuration list for PBXProject "strichliste-ios" */ = {
			isa = XCConfigurationList;
			buildConfigurations = (
				466F671A1BF7BD6300C5C4AA /* Debug */,
				466F671B1BF7BD6300C5C4AA /* Release */,
			);
			defaultConfigurationIsVisible = 0;
			defaultConfigurationName = Release;
		};
		466F671C1BF7BD6300C5C4AA /* Build configuration list for PBXNativeTarget "strichliste-ios" */ = {
			isa = XCConfigurationList;
			buildConfigurations = (
				466F671D1BF7BD6300C5C4AA /* Debug */,
				466F671E1BF7BD6300C5C4AA /* Release */,
			);
			defaultConfigurationIsVisible = 0;
			defaultConfigurationName = Release;
		};
		466F671F1BF7BD6300C5C4AA /* Build configuration list for PBXNativeTarget "strichliste-iosTests" */ = {
			isa = XCConfigurationList;
			buildConfigurations = (
				466F67201BF7BD6300C5C4AA /* Debug */,
				466F67211BF7BD6300C5C4AA /* Release */,
			);
			defaultConfigurationIsVisible = 0;
			defaultConfigurationName = Release;
		};
		466F67221BF7BD6300C5C4AA /* Build configuration list for PBXNativeTarget "strichliste-iosUITests" */ = {
			isa = XCConfigurationList;
			buildConfigurations = (
				466F67231BF7BD6300C5C4AA /* Debug */,
				466F67241BF7BD6300C5C4AA /* Release */,
			);
			defaultConfigurationIsVisible = 0;
			defaultConfigurationName = Release;
		};
/* End XCConfigurationList section */
	};
	rootObject = 466F66EA1BF7BD6300C5C4AA /* Project object */;
}
